{
  "name": "bookserve",
  "version": "0.0.0",
  "lockfileVersion": 1,
  "requires": true,
  "dependencies": {
    "express-async-await-errors": {
      "version": "1.1.1",
      "resolved": "https://registry.nlark.com/express-async-await-errors/download/express-async-await-errors-1.1.1.tgz",
      "integrity": "sha1-rUD723QJ5gpzTsuzvQbLoVOG968="
    }
  }
}
